
Microsoft Visual Studio Solution File, Format Version 12.00
# Visual Studio Version 16
VisualStudioVersion = 16.0.30804.86
MinimumVisualStudioVersion = 10.0.40219.1
Project("{9A19103F-16F7-4668-BE54-9A1E7A4F7556}") = "AbstractFactoryPattern", "AbstractFactoryPattern\AbstractFactoryPattern.csproj", "{92B934A4-0A14-4BD3-9DD7-073175D7C312}"
EndProject
Project("{9A19103F-16F7-4668-BE54-9A1E7A4F7556}") = "FactoryMethodPattern", "FactoryMethodPattern\FactoryMethodPattern.csproj", "{8F4A7AE2-B9EC-41CF-951F-FF07E4314728}"
EndProject
Project("{9A19103F-16F7-4668-BE54-9A1E7A4F7556}") = "DecoratorPattern", "DecoratorPattern\DecoratorPattern.csproj", "{1563A3C4-67E9-4E37-815F-F62FF3B1F893}"
EndProject
Project("{9A19103F-16F7-4668-BE54-9A1E7A4F7556}") = "ObserverPattern", "ObserverPattern\ObserverPattern.csproj", "{26B356C7-21B0-42A5-B510-FE88731662C3}"
EndProject
Global
	GlobalSection(SolutionConfigurationPlatforms) = preSolution
		Debug|Any CPU = Debug|Any CPU
		Release|Any CPU = Release|Any CPU
	EndGlobalSection
	GlobalSection(ProjectConfigurationPlatforms) = postSolution
		{92B934A4-0A14-4BD3-9DD7-073175D7C312}.Debug|Any CPU.ActiveCfg = Debug|Any CPU
		{92B934A4-0A14-4BD3-9DD7-073175D7C312}.Debug|Any CPU.Build.0 = Debug|Any CPU
		{92B934A4-0A14-4BD3-9DD7-073175D7C312}.Release|Any CPU.ActiveCfg = Release|Any CPU
		{92B934A4-0A14-4BD3-9DD7-073175D7C312}.Release|Any CPU.Build.0 = Release|Any CPU
		{8F4A7AE2-B9EC-41CF-951F-FF07E4314728}.Debug|Any CPU.ActiveCfg = Debug|Any CPU
		{8F4A7AE2-B9EC-41CF-951F-FF07E4314728}.Debug|Any CPU.Build.0 = Debug|Any CPU
		{8F4A7AE2-B9EC-41CF-951F-FF07E4314728}.Release|Any CPU.ActiveCfg = Release|Any CPU
		{8F4A7AE2-B9EC-41CF-951F-FF07E4314728}.Release|Any CPU.Build.0 = Release|Any CPU
		{1563A3C4-67E9-4E37-815F-F62FF3B1F893}.Debug|Any CPU.ActiveCfg = Debug|Any CPU
		{1563A3C4-67E9-4E37-815F-F62FF3B1F893}.Debug|Any CPU.Build.0 = Debug|Any CPU
		{1563A3C4-67E9-4E37-815F-F62FF3B1F893}.Release|Any CPU.ActiveCfg = Release|Any CPU
		{1563A3C4-67E9-4E37-815F-F62FF3B1F893}.Release|Any CPU.Build.0 = Release|Any CPU
		{26B356C7-21B0-42A5-B510-FE88731662C3}.Debug|Any CPU.ActiveCfg = Debug|Any CPU
		{26B356C7-21B0-42A5-B510-FE88731662C3}.Debug|Any CPU.Build.0 = Debug|Any CPU
		{26B356C7-21B0-42A5-B510-FE88731662C3}.Release|Any CPU.ActiveCfg = Release|Any CPU
		{26B356C7-21B0-42A5-B510-FE88731662C3}.Release|Any CPU.Build.0 = Release|Any CPU
	EndGlobalSection
	GlobalSection(SolutionProperties) = preSolution
		HideSolutionNode = FALSE
	EndGlobalSection
	GlobalSection(ExtensibilityGlobals) = postSolution
		SolutionGuid = {CDFF549F-87FD-4E93-BDC9-A031DD17335F}
	EndGlobalSection
EndGlobal
